
Microsoft Visual Studio Solution File, Format Version 12.00
# Visual Studio Version 16
VisualStudioVersion = 16.0.29411.108
MinimumVisualStudioVersion = 10.0.40219.1
Project("{FAE04EC0-301F-11D3-BF4B-00C04F79EFBC}") = "Tello", "Tello\Tello.csproj", "{AF51C2FE-0A64-4E93-877F-60E6CAD4B29E}"
EndProject
Project("{FAE04EC0-301F-11D3-BF4B-00C04F79EFBC}") = "TelloCmd", "TelloCmd\TelloCmd.csproj", "{3729BD3C-45C6-4A8B-A6D0-E790AAA69D80}"
EndProject
Project("{FAE04EC0-301F-11D3-BF4B-00C04F79EFBC}") = "LogLib", "LogLib\LogLib.csproj", "{0C5DBBE8-205F-4E89-A11E-E234F947C8B4}"
EndProject
Global
	GlobalSection(SolutionConfigurationPlatforms) = preSolution
		Debug|Any CPU = Debug|Any CPU
		Release|Any CPU = Release|Any CPU
	EndGlobalSection
	GlobalSection(ProjectConfigurationPlatforms) = postSolution
		{AF51C2FE-0A64-4E93-877F-60E6CAD4B29E}.Debug|Any CPU.ActiveCfg = Debug|Any CPU
		{AF51C2FE-0A64-4E93-877F-60E6CAD4B29E}.Debug|Any CPU.Build.0 = Debug|Any CPU
		{AF51C2FE-0A64-4E93-877F-60E6CAD4B29E}.Release|Any CPU.ActiveCfg = Release|Any CPU
		{AF51C2FE-0A64-4E93-877F-60E6CAD4B29E}.Release|Any CPU.Build.0 = Release|Any CPU
		{3729BD3C-45C6-4A8B-A6D0-E790AAA69D80}.Debug|Any CPU.ActiveCfg = Debug|Any CPU
		{3729BD3C-45C6-4A8B-A6D0-E790AAA69D80}.Debug|Any CPU.Build.0 = Debug|Any CPU
		{3729BD3C-45C6-4A8B-A6D0-E790AAA69D80}.Release|Any CPU.ActiveCfg = Release|Any CPU
		{3729BD3C-45C6-4A8B-A6D0-E790AAA69D80}.Release|Any CPU.Build.0 = Release|Any CPU
		{0C5DBBE8-205F-4E89-A11E-E234F947C8B4}.Debug|Any CPU.ActiveCfg = Debug|Any CPU
		{0C5DBBE8-205F-4E89-A11E-E234F947C8B4}.Debug|Any CPU.Build.0 = Debug|Any CPU
		{0C5DBBE8-205F-4E89-A11E-E234F947C8B4}.Release|Any CPU.ActiveCfg = Release|Any CPU
		{0C5DBBE8-205F-4E89-A11E-E234F947C8B4}.Release|Any CPU.Build.0 = Release|Any CPU
	EndGlobalSection
	GlobalSection(SolutionProperties) = preSolution
		HideSolutionNode = FALSE
	EndGlobalSection
	GlobalSection(ExtensibilityGlobals) = postSolution
		SolutionGuid = {CDB49FE5-282C-4DBE-B42C-7E5747943050}
	EndGlobalSection
EndGlobal
